
Microsoft Visual Studio Solution File, Format Version 12.00
# Visual Studio 2013
VisualStudioVersion = 12.0.21005.1
MinimumVisualStudioVersion = 10.0.40219.1
Project("{8BC9CEB8-8B4A-11D0-8D11-00A0C91BC942}") = "Project91", "Project91\Project91.vcxproj", "{E0A16043-199A-41D4-84D5-23151C9F2E89}"
EndProject
Global
	GlobalSection(SolutionConfigurationPlatforms) = preSolution
		Debug|Win32 = Debug|Win32
		Release|Win32 = Release|Win32
	EndGlobalSection
	GlobalSection(ProjectConfigurationPlatforms) = postSolution
		{E0A16043-199A-41D4-84D5-23151C9F2E89}.Debug|Win32.ActiveCfg = Debug|Win32
		{E0A16043-199A-41D4-84D5-23151C9F2E89}.Debug|Win32.Build.0 = Debug|Win32
		{E0A16043-199A-41D4-84D5-23151C9F2E89}.Release|Win32.ActiveCfg = Release|Win32
		{E0A16043-199A-41D4-84D5-23151C9F2E89}.Release|Win32.Build.0 = Release|Win32
	EndGlobalSection
	GlobalSection(SolutionProperties) = preSolution
		HideSolutionNode = FALSE
	EndGlobalSection
EndGlobal
