
Microsoft Visual Studio Solution File, Format Version 12.00
# Visual Studio 2013
VisualStudioVersion = 12.0.21005.1
MinimumVisualStudioVersion = 10.0.40219.1
Project("{8BC9CEB8-8B4A-11D0-8D11-00A0C91BC942}") = "C++（11）", "C++（11）\C++（11）.vcxproj", "{574C3737-BC2C-49C2-909D-C7E95A08AEEE}"
EndProject
Global
	GlobalSection(SolutionConfigurationPlatforms) = preSolution
		Debug|Win32 = Debug|Win32
		Release|Win32 = Release|Win32
	EndGlobalSection
	GlobalSection(ProjectConfigurationPlatforms) = postSolution
		{574C3737-BC2C-49C2-909D-C7E95A08AEEE}.Debug|Win32.ActiveCfg = Debug|Win32
		{574C3737-BC2C-49C2-909D-C7E95A08AEEE}.Debug|Win32.Build.0 = Debug|Win32
		{574C3737-BC2C-49C2-909D-C7E95A08AEEE}.Release|Win32.ActiveCfg = Release|Win32
		{574C3737-BC2C-49C2-909D-C7E95A08AEEE}.Release|Win32.Build.0 = Release|Win32
	EndGlobalSection
	GlobalSection(SolutionProperties) = preSolution
		HideSolutionNode = FALSE
	EndGlobalSection
EndGlobal
